
Microsoft Visual Studio Solution File, Format Version 12.00
# Visual Studio 14
VisualStudioVersion = 14.0.25420.1
MinimumVisualStudioVersion = 10.0.40219.1
Project("{2150E333-8FDC-42A3-9474-1A3956D46DE8}") = "src", "src", "{D667DBA0-5C5A-44D8-AB80-78940F5831EE}"
EndProject
Project("{2150E333-8FDC-42A3-9474-1A3956D46DE8}") = "Solution Items", "Solution Items", "{99384C0A-20D1-4EFD-97C8-B33D4F6FA4C3}"
	ProjectSection(SolutionItems) = preProject
		global.json = global.json
	EndProjectSection
EndProject
Project("{8BB2217D-0F2D-49D1-97BC-3654ED321F3B}") = "game1", "src\game1\game1.xproj", "{4A6FC8C8-900D-497B-8EE2-A6D06EC84BD6}"
EndProject
Global
	GlobalSection(SolutionConfigurationPlatforms) = preSolution
		Debug|Any CPU = Debug|Any CPU
		Release|Any CPU = Release|Any CPU
	EndGlobalSection
	GlobalSection(ProjectConfigurationPlatforms) = postSolution
		{4A6FC8C8-900D-497B-8EE2-A6D06EC84BD6}.Debug|Any CPU.ActiveCfg = Debug|Any CPU
		{4A6FC8C8-900D-497B-8EE2-A6D06EC84BD6}.Debug|Any CPU.Build.0 = Debug|Any CPU
		{4A6FC8C8-900D-497B-8EE2-A6D06EC84BD6}.Release|Any CPU.ActiveCfg = Release|Any CPU
		{4A6FC8C8-900D-497B-8EE2-A6D06EC84BD6}.Release|Any CPU.Build.0 = Release|Any CPU
	EndGlobalSection
	GlobalSection(SolutionProperties) = preSolution
		HideSolutionNode = FALSE
	EndGlobalSection
	GlobalSection(NestedProjects) = preSolution
		{4A6FC8C8-900D-497B-8EE2-A6D06EC84BD6} = {D667DBA0-5C5A-44D8-AB80-78940F5831EE}
	EndGlobalSection
EndGlobal
